// !$*UTF8*$!
{
	archiveVersion = 1;
	classes = {
	};
	objectVersion = 56;
	objects = {

/* Begin PBXBuildFile section */
		1974C4982AD48A7D0035784A /* snowSeekerApp.swift in Sources */ = {isa = PBXBuildFile; fileRef = 1974C4972AD48A7D0035784A /* snowSeekerApp.swift */; };
		1974C49A2AD48A7D0035784A /* ContentView.swift in Sources */ = {isa = PBXBuildFile; fileRef = 1974C4992AD48A7D0035784A /* ContentView.swift */; };
		1974C49C2AD48A7E0035784A /* Assets.xcassets in Resources */ = {isa = PBXBuildFile; fileRef = 1974C49B2AD48A7E0035784A /* Assets.xcassets */; };
		1974C49F2AD48A7E0035784A /* Preview Assets.xcassets in Resources */ = {isa = PBXBuildFile; fileRef = 1974C49E2AD48A7E0035784A /* Preview Assets.xcassets */; };
		1974C4A12AD48A7E0035784A /* Persistence.swift in Sources */ = {isa = PBXBuildFile; fileRef = 1974C4A02AD48A7E0035784A /* Persistence.swift */; };
		1974C4A42AD48A7E0035784A /* snowSeeker.xcdatamodeld in Sources */ = {isa = PBXBuildFile; fileRef = 1974C4A22AD48A7E0035784A /* snowSeeker.xcdatamodeld */; };
		1974C4AE2AD48A7E0035784A /* snowSeekerTests.swift in Sources */ = {isa = PBXBuildFile; fileRef = 1974C4AD2AD48A7E0035784A /* snowSeekerTests.swift */; };
		1974C4B82AD48A7E0035784A /* snowSeekerUITests.swift in Sources */ = {isa = PBXBuildFile; fileRef = 1974C4B72AD48A7E0035784A /* snowSeekerUITests.swift */; };
		1974C4BA2AD48A7E0035784A /* snowSeekerUITestsLaunchTests.swift in Sources */ = {isa = PBXBuildFile; fileRef = 1974C4B92AD48A7E0035784A /* snowSeekerUITestsLaunchTests.swift */; };
/* End PBXBuildFile section */

/* Begin PBXContainerItemProxy section */
		1974C4AA2AD48A7E0035784A /* PBXContainerItemProxy */ = {
			isa = PBXContainerItemProxy;
			containerPortal = 1974C48C2AD48A7D0035784A /* Project object */;
			proxyType = 1;
			remoteGlobalIDString = 1974C4932AD48A7D0035784A;
			remoteInfo = snowSeeker;
		};
		1974C4B42AD48A7E0035784A /* PBXContainerItemProxy */ = {
			isa = PBXContainerItemProxy;
			containerPortal = 1974C48C2AD48A7D0035784A /* Project object */;
			proxyType = 1;
			remoteGlobalIDString = 1974C4932AD48A7D0035784A;
			remoteInfo = snowSeeker;
		};
/* End PBXContainerItemProxy section */

/* Begin PBXFileReference section */
		1974C4942AD48A7D0035784A /* snowSeeker.app */ = {isa = PBXFileReference; explicitFileType = wrapper.application; includeInIndex = 0; path = snowSeeker.app; sourceTree = BUILT_PRODUCTS_DIR; };
		1974C4972AD48A7D0035784A /* snowSeekerApp.swift */ = {isa = PBXFileReference; lastKnownFileType = sourcecode.swift; path = snowSeekerApp.swift; sourceTree = "<group>"; };
		1974C4992AD48A7D0035784A /* ContentView.swift */ = {isa = PBXFileReference; lastKnownFileType = sourcecode.swift; path = ContentView.swift; sourceTree = "<group>"; };
		1974C49B2AD48A7E0035784A /* Assets.xcassets */ = {isa = PBXFileReference; lastKnownFileType = folder.assetcatalog; path = Assets.xcassets; sourceTree = "<group>"; };
		1974C49E2AD48A7E0035784A /* Preview Assets.xcassets */ = {isa = PBXFileReference; lastKnownFileType = folder.assetcatalog; path = "Preview Assets.xcassets"; sourceTree = "<group>"; };
		1974C4A02AD48A7E0035784A /* Persistence.swift */ = {isa = PBXFileReference; lastKnownFileType = sourcecode.swift; path = Persistence.swift; sourceTree = "<group>"; };
		1974C4A32AD48A7E0035784A /* snowSeeker.xcdatamodel */ = {isa = PBXFileReference; lastKnownFileType = wrapper.xcdatamodel; path = snowSeeker.xcdatamodel; sourceTree = "<group>"; };
		1974C4A92AD48A7E0035784A /* snowSeekerTests.xctest */ = {isa = PBXFileReference; explicitFileType = wrapper.cfbundle; includeInIndex = 0; path = snowSeekerTests.xctest; sourceTree = BUILT_PRODUCTS_DIR; };
		1974C4AD2AD48A7E0035784A /* snowSeekerTests.swift */ = {isa = PBXFileReference; lastKnownFileType = sourcecode.swift; path = snowSeekerTests.swift; sourceTree = "<group>"; };
		1974C4B32AD48A7E0035784A /* snowSeekerUITests.xctest */ = {isa = PBXFileReference; explicitFileType = wrapper.cfbundle; includeInIndex = 0; path = snowSeekerUITests.xctest; sourceTree = BUILT_PRODUCTS_DIR; };
		1974C4B72AD48A7E0035784A /* snowSeekerUITests.swift */ = {isa = PBXFileReference; lastKnownFileType = sourcecode.swift; path = snowSeekerUITests.swift; sourceTree = "<group>"; };
		1974C4B92AD48A7E0035784A /* snowSeekerUITestsLaunchTests.swift */ = {isa = PBXFileReference; lastKnownFileType = sourcecode.swift; path = snowSeekerUITestsLaunchTests.swift; sourceTree = "<group>"; };
/* End PBXFileReference section */

/* Begin PBXFrameworksBuildPhase section */
		1974C4912AD48A7D0035784A /* Frameworks */ = {
			isa = PBXFrameworksBuildPhase;
			buildActionMask = 2147483647;
			files = (
			);
			runOnlyForDeploymentPostprocessing = 0;
		};
		1974C4A62AD48A7E0035784A /* Frameworks */ = {
			isa = PBXFrameworksBuildPhase;
			buildActionMask = 2147483647;
			files = (
			);
			runOnlyForDeploymentPostprocessing = 0;
		};
		1974C4B02AD48A7E0035784A /* Frameworks */ = {
			isa = PBXFrameworksBuildPhase;
			buildActionMask = 2147483647;
			files = (
			);
			runOnlyForDeploymentPostprocessing = 0;
		};
/* End PBXFrameworksBuildPhase section */

/* Begin PBXGroup section */
		1974C48B2AD48A7D0035784A = {
			isa = PBXGroup;
			children = (
				1974C4962AD48A7D0035784A /* snowSeeker */,
				1974C4AC2AD48A7E0035784A /* snowSeekerTests */,
				1974C4B62AD48A7E0035784A /* snowSeekerUITests */,
				1974C4952AD48A7D0035784A /* Products */,
			);
			sourceTree = "<group>";
		};
		1974C4952AD48A7D0035784A /* Products */ = {
			isa = PBXGroup;
			children = (
				1974C4942AD48A7D0035784A /* snowSeeker.app */,
				1974C4A92AD48A7E0035784A /* snowSeekerTests.xctest */,
				1974C4B32AD48A7E0035784A /* snowSeekerUITests.xctest */,
			);
			name = Products;
			sourceTree = "<group>";
		};
		1974C4962AD48A7D0035784A /* snowSeeker */ = {
			isa = PBXGroup;
			children = (
				1974C4972AD48A7D0035784A /* snowSeekerApp.swift */,
				1974C4992AD48A7D0035784A /* ContentView.swift */,
				1974C49B2AD48A7E0035784A /* Assets.xcassets */,
				1974C4A02AD48A7E0035784A /* Persistence.swift */,
				1974C4A22AD48A7E0035784A /* snowSeeker.xcdatamodeld */,
				1974C49D2AD48A7E0035784A /* Preview Content */,
			);
			path = snowSeeker;
			sourceTree = "<group>";
		};
		1974C49D2AD48A7E0035784A /* Preview Content */ = {
			isa = PBXGroup;
			children = (
				1974C49E2AD48A7E0035784A /* Preview Assets.xcassets */,
			);
			path = "Preview Content";
			sourceTree = "<group>";
		};
		1974C4AC2AD48A7E0035784A /* snowSeekerTests */ = {
			isa = PBXGroup;
			children = (
				1974C4AD2AD48A7E0035784A /* snowSeekerTests.swift */,
			);
			path = snowSeekerTests;
			sourceTree = "<group>";
		};
		1974C4B62AD48A7E0035784A /* snowSeekerUITests */ = {
			isa = PBXGroup;
			children = (
				1974C4B72AD48A7E0035784A /* snowSeekerUITests.swift */,
				1974C4B92AD48A7E0035784A /* snowSeekerUITestsLaunchTests.swift */,
			);
			path = snowSeekerUITests;
			sourceTree = "<group>";
		};
/* End PBXGroup section */

/* Begin PBXNativeTarget section */
		1974C4932AD48A7D0035784A /* snowSeeker */ = {
			isa = PBXNativeTarget;
			buildConfigurationList = 1974C4BD2AD48A7E0035784A /* Build configuration list for PBXNativeTarget "snowSeeker" */;
			buildPhases = (
				1974C4902AD48A7D0035784A /* Sources */,
				1974C4912AD48A7D0035784A /* Frameworks */,
				1974C4922AD48A7D0035784A /* Resources */,
			);
			buildRules = (
			);
			dependencies = (
			);
			name = snowSeeker;
			productName = snowSeeker;
			productReference = 1974C4942AD48A7D0035784A /* snowSeeker.app */;
			productType = "com.apple.product-type.application";
		};
		1974C4A82AD48A7E0035784A /* snowSeekerTests */ = {
			isa = PBXNativeTarget;
			buildConfigurationList = 1974C4C02AD48A7E0035784A /* Build configuration list for PBXNativeTarget "snowSeekerTests" */;
			buildPhases = (
				1974C4A52AD48A7E0035784A /* Sources */,
				1974C4A62AD48A7E0035784A /* Frameworks */,
				1974C4A72AD48A7E0035784A /* Resources */,
			);
			buildRules = (
			);
			dependencies = (
				1974C4AB2AD48A7E0035784A /* PBXTargetDependency */,
			);
			name = snowSeekerTests;
			productName = snowSeekerTests;
			productReference = 1974C4A92AD48A7E0035784A /* snowSeekerTests.xctest */;
			productType = "com.apple.product-type.bundle.unit-test";
		};
		1974C4B22AD48A7E0035784A /* snowSeekerUITests */ = {
			isa = PBXNativeTarget;
			buildConfigurationList = 1974C4C32AD48A7E0035784A /* Build configuration list for PBXNativeTarget "snowSeekerUITests" */;
			buildPhases = (
				1974C4AF2AD48A7E0035784A /* Sources */,
				1974C4B02AD48A7E0035784A /* Frameworks */,
				1974C4B12AD48A7E0035784A /* Resources */,
			);
			buildRules = (
			);
			dependencies = (
				1974C4B52AD48A7E0035784A /* PBXTargetDependency */,
			);
			name = snowSeekerUITests;
			productName = snowSeekerUITests;
			productReference = 1974C4B32AD48A7E0035784A /* snowSeekerUITests.xctest */;
			productType = "com.apple.product-type.bundle.ui-testing";
		};
/* End PBXNativeTarget section */

/* Begin PBXProject section */
		1974C48C2AD48A7D0035784A /* Project object */ = {
			isa = PBXProject;
			attributes = {
				BuildIndependentTargetsInParallel = 1;
				LastSwiftUpdateCheck = 1500;
				LastUpgradeCheck = 1500;
				TargetAttributes = {
					1974C4932AD48A7D0035784A = {
						CreatedOnToolsVersion = 15.0;
					};
					1974C4A82AD48A7E0035784A = {
						CreatedOnToolsVersion = 15.0;
						TestTargetID = 1974C4932AD48A7D0035784A;
					};
					1974C4B22AD48A7E0035784A = {
						CreatedOnToolsVersion = 15.0;
						TestTargetID = 1974C4932AD48A7D0035784A;
					};
				};
			};
			buildConfigurationList = 1974C48F2AD48A7D0035784A /* Build configuration list for PBXProject "snowSeeker" */;
			compatibilityVersion = "Xcode 14.0";
			developmentRegion = en;
			hasScannedForEncodings = 0;
			knownRegions = (
				en,
				Base,
			);
			mainGroup = 1974C48B2AD48A7D0035784A;
			productRefGroup = 1974C4952AD48A7D0035784A /* Products */;
			projectDirPath = "";
			projectRoot = "";
			targets = (
				1974C4932AD48A7D0035784A /* snowSeeker */,
				1974C4A82AD48A7E0035784A /* snowSeekerTests */,
				1974C4B22AD48A7E0035784A /* snowSeekerUITests */,
			);
		};
/* End PBXProject section */

/* Begin PBXResourcesBuildPhase section */
		1974C4922AD48A7D0035784A /* Resources */ = {
			isa = PBXResourcesBuildPhase;
			buildActionMask = 2147483647;
			files = (
				1974C49F2AD48A7E0035784A /* Preview Assets.xcassets in Resources */,
				1974C49C2AD48A7E0035784A /* Assets.xcassets in Resources */,
			);
			runOnlyForDeploymentPostprocessing = 0;
		};
		1974C4A72AD48A7E0035784A /* Resources */ = {
			isa = PBXResourcesBuildPhase;
			buildActionMask = 2147483647;
			files = (
			);
			runOnlyForDeploymentPostprocessing = 0;
		};
		1974C4B12AD48A7E0035784A /* Resources */ = {
			isa = PBXResourcesBuildPhase;
			buildActionMask = 2147483647;
			files = (
			);
			runOnlyForDeploymentPostprocessing = 0;
		};
/* End PBXResourcesBuildPhase section */

/* Begin PBXSourcesBuildPhase section */
		1974C4902AD48A7D0035784A /* Sources */ = {
			isa = PBXSourcesBuildPhase;
			buildActionMask = 2147483647;
			files = (
				1974C4A12AD48A7E0035784A /* Persistence.swift in Sources */,
				1974C4A42AD48A7E0035784A /* snowSeeker.xcdatamodeld in Sources */,
				1974C49A2AD48A7D0035784A /* ContentView.swift in Sources */,
				1974C4982AD48A7D0035784A /* snowSeekerApp.swift in Sources */,
			);
			runOnlyForDeploymentPostprocessing = 0;
		};
		1974C4A52AD48A7E0035784A /* Sources */ = {
			isa = PBXSourcesBuildPhase;
			buildActionMask = 2147483647;
			files = (
				1974C4AE2AD48A7E0035784A /* snowSeekerTests.swift in Sources */,
			);
			runOnlyForDeploymentPostprocessing = 0;
		};
		1974C4AF2AD48A7E0035784A /* Sources */ = {
			isa = PBXSourcesBuildPhase;
			buildActionMask = 2147483647;
			files = (
				1974C4BA2AD48A7E0035784A /* snowSeekerUITestsLaunchTests.swift in Sources */,
				1974C4B82AD48A7E0035784A /* snowSeekerUITests.swift in Sources */,
			);
			runOnlyForDeploymentPostprocessing = 0;
		};
/* End PBXSourcesBuildPhase section */

/* Begin PBXTargetDependency section */
		1974C4AB2AD48A7E0035784A /* PBXTargetDependency */ = {
			isa = PBXTargetDependency;
			target = 1974C4932AD48A7D0035784A /* snowSeeker */;
			targetProxy = 1974C4AA2AD48A7E0035784A /* PBXContainerItemProxy */;
		};
		1974C4B52AD48A7E0035784A /* PBXTargetDependency */ = {
			isa = PBXTargetDependency;
			target = 1974C4932AD48A7D0035784A /* snowSeeker */;
			targetProxy = 1974C4B42AD48A7E0035784A /* PBXContainerItemProxy */;
		};
/* End PBXTargetDependency section */

/* Begin XCBuildConfiguration section */
		1974C4BB2AD48A7E0035784A /* Debug */ = {
			isa = XCBuildConfiguration;
			buildSettings = {
				ALWAYS_SEARCH_USER_PATHS = NO;
				ASSETCATALOG_COMPILER_GENERATE_SWIFT_ASSET_SYMBOL_EXTENSIONS = YES;
				CLANG_ANALYZER_NONNULL = YES;
				CLANG_ANALYZER_NUMBER_OBJECT_CONVERSION = YES_AGGRESSIVE;
				CLANG_CXX_LANGUAGE_STANDARD = "gnu++20";
				CLANG_ENABLE_MODULES = YES;
				CLANG_ENABLE_OBJC_ARC = YES;
				CLANG_ENABLE_OBJC_WEAK = YES;
				CLANG_WARN_BLOCK_CAPTURE_AUTORELEASING = YES;
				CLANG_WARN_BOOL_CONVERSION = YES;
				CLANG_WARN_COMMA = YES;
				CLANG_WARN_CONSTANT_CONVERSION = YES;
				CLANG_WARN_DEPRECATED_OBJC_IMPLEMENTATIONS = YES;
				CLANG_WARN_DIRECT_OBJC_ISA_USAGE = YES_ERROR;
				CLANG_WARN_DOCUMENTATION_COMMENTS = YES;
				CLANG_WARN_EMPTY_BODY = YES;
				CLANG_WARN_ENUM_CONVERSION = YES;
				CLANG_WARN_INFINITE_RECURSION = YES;
				CLANG_WARN_INT_CONVERSION = YES;
				CLANG_WARN_NON_LITERAL_NULL_CONVERSION = YES;
				CLANG_WARN_OBJC_IMPLICIT_RETAIN_SELF = YES;
				CLANG_WARN_OBJC_LITERAL_CONVERSION = YES;
				CLANG_WARN_OBJC_ROOT_CLASS = YES_ERROR;
				CLANG_WARN_QUOTED_INCLUDE_IN_FRAMEWORK_HEADER = YES;
				CLANG_WARN_RANGE_LOOP_ANALYSIS = YES;
				CLANG_WARN_STRICT_PROTOTYPES = YES;
				CLANG_WARN_SUSPICIOUS_MOVE = YES;
				CLANG_WARN_UNGUARDED_AVAILABILITY = YES_AGGRESSIVE;
				CLANG_WARN_UNREACHABLE_CODE = YES;
				CLANG_WARN__DUPLICATE_METHOD_MATCH = YES;
				COPY_PHASE_STRIP = NO;
				DEBUG_INFORMATION_FORMAT = dwarf;
				ENABLE_STRICT_OBJC_MSGSEND = YES;
				ENABLE_TESTABILITY = YES;
				ENABLE_USER_SCRIPT_SANDBOXING = YES;
				GCC_C_LANGUAGE_STANDARD = gnu17;
				GCC_DYNAMIC_NO_PIC = NO;
				GCC_NO_COMMON_BLOCKS = YES;
				GCC_OPTIMIZATION_LEVEL = 0;
				GCC_PREPROCESSOR_DEFINITIONS = (
					"DEBUG=1",
					"$(inherited)",
				);
				GCC_WARN_64_TO_32_BIT_CONVERSION = YES;
				GCC_WARN_ABOUT_RETURN_TYPE = YES_ERROR;
				GCC_WARN_UNDECLARED_SELECTOR = YES;
				GCC_WARN_UNINITIALIZED_AUTOS = YES_AGGRESSIVE;
				GCC_WARN_UNUSED_FUNCTION = YES;
				GCC_WARN_UNUSED_VARIABLE = YES;
				IPHONEOS_DEPLOYMENT_TARGET = 17.0;
				LOCALIZATION_PREFERS_STRING_CATALOGS = YES;
				MTL_ENABLE_DEBUG_INFO = INCLUDE_SOURCE;
				MTL_FAST_MATH = YES;
				ONLY_ACTIVE_ARCH = YES;
				SDKROOT = iphoneos;
				SWIFT_ACTIVE_COMPILATION_CONDITIONS = "DEBUG $(inherited)";
				SWIFT_OPTIMIZATION_LEVEL = "-Onone";
			};
			name = Debug;
		};
		1974C4BC2AD48A7E0035784A /* Release */ = {
			isa = XCBuildConfiguration;
			buildSettings = {
				ALWAYS_SEARCH_USER_PATHS = NO;
				ASSETCATALOG_COMPILER_GENERATE_SWIFT_ASSET_SYMBOL_EXTENSIONS = YES;
				CLANG_ANALYZER_NONNULL = YES;
				CLANG_ANALYZER_NUMBER_OBJECT_CONVERSION = YES_AGGRESSIVE;
				CLANG_CXX_LANGUAGE_STANDARD = "gnu++20";
				CLANG_ENABLE_MODULES = YES;
				CLANG_ENABLE_OBJC_ARC = YES;
				CLANG_ENABLE_OBJC_WEAK = YES;
				CLANG_WARN_BLOCK_CAPTURE_AUTORELEASING = YES;
				CLANG_WARN_BOOL_CONVERSION = YES;
				CLANG_WARN_COMMA = YES;
				CLANG_WARN_CONSTANT_CONVERSION = YES;
				CLANG_WARN_DEPRECATED_OBJC_IMPLEMENTATIONS = YES;
				CLANG_WARN_DIRECT_OBJC_ISA_USAGE = YES_ERROR;
				CLANG_WARN_DOCUMENTATION_COMMENTS = YES;
				CLANG_WARN_EMPTY_BODY = YES;
				CLANG_WARN_ENUM_CONVERSION = YES;
				CLANG_WARN_INFINITE_RECURSION = YES;
				CLANG_WARN_INT_CONVERSION = YES;
				CLANG_WARN_NON_LITERAL_NULL_CONVERSION = YES;
				CLANG_WARN_OBJC_IMPLICIT_RETAIN_SELF = YES;
				CLANG_WARN_OBJC_LITERAL_CONVERSION = YES;
				CLANG_WARN_OBJC_ROOT_CLASS = YES_ERROR;
				CLANG_WARN_QUOTED_INCLUDE_IN_FRAMEWORK_HEADER = YES;
				CLANG_WARN_RANGE_LOOP_ANALYSIS = YES;
				CLANG_WARN_STRICT_PROTOTYPES = YES;
				CLANG_WARN_SUSPICIOUS_MOVE = YES;
				CLANG_WARN_UNGUARDED_AVAILABILITY = YES_AGGRESSIVE;
				CLANG_WARN_UNREACHABLE_CODE = YES;
				CLANG_WARN__DUPLICATE_METHOD_MATCH = YES;
				COPY_PHASE_STRIP = NO;
				DEBUG_INFORMATION_FORMAT = "dwarf-with-dsym";
				ENABLE_NS_ASSERTIONS = NO;
				ENABLE_STRICT_OBJC_MSGSEND = YES;
				ENABLE_USER_SCRIPT_SANDBOXING = YES;
				GCC_C_LANGUAGE_STANDARD = gnu17;
				GCC_NO_COMMON_BLOCKS = YES;
				GCC_WARN_64_TO_32_BIT_CONVERSION = YES;
				GCC_WARN_ABOUT_RETURN_TYPE = YES_ERROR;
				GCC_WARN_UNDECLARED_SELECTOR = YES;
				GCC_WARN_UNINITIALIZED_AUTOS = YES_AGGRESSIVE;
				GCC_WARN_UNUSED_FUNCTION = YES;
				GCC_WARN_UNUSED_VARIABLE = YES;
				IPHONEOS_DEPLOYMENT_TARGET = 17.0;
				LOCALIZATION_PREFERS_STRING_CATALOGS = YES;
				MTL_ENABLE_DEBUG_INFO = NO;
				MTL_FAST_MATH = YES;
				SDKROOT = iphoneos;
				SWIFT_COMPILATION_MODE = wholemodule;
				VALIDATE_PRODUCT = YES;
			};
			name = Release;
		};
		1974C4BE2AD48A7E0035784A /* Debug */ = {
			isa = XCBuildConfiguration;
			buildSettings = {
				ASSETCATALOG_COMPILER_APPICON_NAME = AppIcon;
				ASSETCATALOG_COMPILER_GLOBAL_ACCENT_COLOR_NAME = AccentColor;
				CODE_SIGN_STYLE = Automatic;
				CURRENT_PROJECT_VERSION = 1;
				DEVELOPMENT_ASSET_PATHS = "\"snowSeeker/Preview Content\"";
				DEVELOPMENT_TEAM = DTJLZH295U;
				ENABLE_PREVIEWS = YES;
				GENERATE_INFOPLIST_FILE = YES;
				INFOPLIST_KEY_UIApplicationSceneManifest_Generation = YES;
				INFOPLIST_KEY_UIApplicationSupportsIndirectInputEvents = YES;
				INFOPLIST_KEY_UILaunchScreen_Generation = YES;
				INFOPLIST_KEY_UISupportedInterfaceOrientations_iPad = "UIInterfaceOrientationPortrait UIInterfaceOrientationPortraitUpsideDown UIInterfaceOrientationLandscapeLeft UIInterfaceOrientationLandscapeRight";
				INFOPLIST_KEY_UISupportedInterfaceOrientations_iPhone = "UIInterfaceOrientationPortrait UIInterfaceOrientationLandscapeLeft UIInterfaceOrientationLandscapeRight";
				LD_RUNPATH_SEARCH_PATHS = (
					"$(inherited)",
					"@executable_path/Frameworks",
				);
				MARKETING_VERSION = 1.0;
				PRODUCT_BUNDLE_IDENTIFIER = com.alejandroDeJesus.snowSeeker;
				PRODUCT_NAME = "$(TARGET_NAME)";
				SWIFT_EMIT_LOC_STRINGS = YES;
				SWIFT_VERSION = 5.0;
				TARGETED_DEVICE_FAMILY = "1,2";
			};
			name = Debug;
		};
		1974C4BF2AD48A7E0035784A /* Release */ = {
			isa = XCBuildConfiguration;
			buildSettings = {
				ASSETCATALOG_COMPILER_APPICON_NAME = AppIcon;
				ASSETCATALOG_COMPILER_GLOBAL_ACCENT_COLOR_NAME = AccentColor;
				CODE_SIGN_STYLE = Automatic;
				CURRENT_PROJECT_VERSION = 1;
				DEVELOPMENT_ASSET_PATHS = "\"snowSeeker/Preview Content\"";
				DEVELOPMENT_TEAM = DTJLZH295U;
				ENABLE_PREVIEWS = YES;
				GENERATE_INFOPLIST_FILE = YES;
				INFOPLIST_KEY_UIApplicationSceneManifest_Generation = YES;
				INFOPLIST_KEY_UIApplicationSupportsIndirectInputEvents = YES;
				INFOPLIST_KEY_UILaunchScreen_Generation = YES;
				INFOPLIST_KEY_UISupportedInterfaceOrientations_iPad = "UIInterfaceOrientationPortrait UIInterfaceOrientationPortraitUpsideDown UIInterfaceOrientationLandscapeLeft UIInterfaceOrientationLandscapeRight";
				INFOPLIST_KEY_UISupportedInterfaceOrientations_iPhone = "UIInterfaceOrientationPortrait UIInterfaceOrientationLandscapeLeft UIInterfaceOrientationLandscapeRight";
				LD_RUNPATH_SEARCH_PATHS = (
					"$(inherited)",
					"@executable_path/Frameworks",
				);
				MARKETING_VERSION = 1.0;
				PRODUCT_BUNDLE_IDENTIFIER = com.alejandroDeJesus.snowSeeker;
				PRODUCT_NAME = "$(TARGET_NAME)";
				SWIFT_EMIT_LOC_STRINGS = YES;
				SWIFT_VERSION = 5.0;
				TARGETED_DEVICE_FAMILY = "1,2";
			};
			name = Release;
		};
		1974C4C12AD48A7E0035784A /* Debug */ = {
			isa = XCBuildConfiguration;
			buildSettings = {
				ALWAYS_EMBED_SWIFT_STANDARD_LIBRARIES = YES;
				BUNDLE_LOADER = "$(TEST_HOST)";
				CODE_SIGN_STYLE = Automatic;
				CURRENT_PROJECT_VERSION = 1;
				DEVELOPMENT_TEAM = DTJLZH295U;
				GENERATE_INFOPLIST_FILE = YES;
				IPHONEOS_DEPLOYMENT_TARGET = 17.0;
				MARKETING_VERSION = 1.0;
				PRODUCT_BUNDLE_IDENTIFIER = com.alejandroDeJesus.snowSeekerTests;
				PRODUCT_NAME = "$(TARGET_NAME)";
				SWIFT_EMIT_LOC_STRINGS = NO;
				SWIFT_VERSION = 5.0;
				TARGETED_DEVICE_FAMILY = "1,2";
				TEST_HOST = "$(BUILT_PRODUCTS_DIR)/snowSeeker.app/$(BUNDLE_EXECUTABLE_FOLDER_PATH)/snowSeeker";
			};
			name = Debug;
		};
		1974C4C22AD48A7E0035784A /* Release */ = {
			isa = XCBuildConfiguration;
			buildSettings = {
				ALWAYS_EMBED_SWIFT_STANDARD_LIBRARIES = YES;
				BUNDLE_LOADER = "$(TEST_HOST)";
				CODE_SIGN_STYLE = Automatic;
				CURRENT_PROJECT_VERSION = 1;
				DEVELOPMENT_TEAM = DTJLZH295U;
				GENERATE_INFOPLIST_FILE = YES;
				IPHONEOS_DEPLOYMENT_TARGET = 17.0;
				MARKETING_VERSION = 1.0;
				PRODUCT_BUNDLE_IDENTIFIER = com.alejandroDeJesus.snowSeekerTests;
				PRODUCT_NAME = "$(TARGET_NAME)";
				SWIFT_EMIT_LOC_STRINGS = NO;
				SWIFT_VERSION = 5.0;
				TARGETED_DEVICE_FAMILY = "1,2";
				TEST_HOST = "$(BUILT_PRODUCTS_DIR)/snowSeeker.app/$(BUNDLE_EXECUTABLE_FOLDER_PATH)/snowSeeker";
			};
			name = Release;
		};
		1974C4C42AD48A7E0035784A /* Debug */ = {
			isa = XCBuildConfiguration;
			buildSettings = {
				ALWAYS_EMBED_SWIFT_STANDARD_LIBRARIES = YES;
				CODE_SIGN_STYLE = Automatic;
				CURRENT_PROJECT_VERSION = 1;
				DEVELOPMENT_TEAM = DTJLZH295U;
				GENERATE_INFOPLIST_FILE = YES;
				MARKETING_VERSION = 1.0;
				PRODUCT_BUNDLE_IDENTIFIER = com.alejandroDeJesus.snowSeekerUITests;
				PRODUCT_NAME = "$(TARGET_NAME)";
				SWIFT_EMIT_LOC_STRINGS = NO;
				SWIFT_VERSION = 5.0;
				TARGETED_DEVICE_FAMILY = "1,2";
				TEST_TARGET_NAME = snowSeeker;
			};
			name = Debug;
		};
		1974C4C52AD48A7E0035784A /* Release */ = {
			isa = XCBuildConfiguration;
			buildSettings = {
				ALWAYS_EMBED_SWIFT_STANDARD_LIBRARIES = YES;
				CODE_SIGN_STYLE = Automatic;
				CURRENT_PROJECT_VERSION = 1;
				DEVELOPMENT_TEAM = DTJLZH295U;
				GENERATE_INFOPLIST_FILE = YES;
				MARKETING_VERSION = 1.0;
				PRODUCT_BUNDLE_IDENTIFIER = com.alejandroDeJesus.snowSeekerUITests;
				PRODUCT_NAME = "$(TARGET_NAME)";
				SWIFT_EMIT_LOC_STRINGS = NO;
				SWIFT_VERSION = 5.0;
				TARGETED_DEVICE_FAMILY = "1,2";
				TEST_TARGET_NAME = snowSeeker;
			};
			name = Release;
		};
/* End XCBuildConfiguration section */

/* Begin XCConfigurationList section */
		1974C48F2AD48A7D0035784A /* Build configuration list for PBXProject "snowSeeker" */ = {
			isa = XCConfigurationList;
			buildConfigurations = (
				1974C4BB2AD48A7E0035784A /* Debug */,
				1974C4BC2AD48A7E0035784A /* Release */,
			);
			defaultConfigurationIsVisible = 0;
			defaultConfigurationName = Release;
		};
		1974C4BD2AD48A7E0035784A /* Build configuration list for PBXNativeTarget "snowSeeker" */ = {
			isa = XCConfigurationList;
			buildConfigurations = (
				1974C4BE2AD48A7E0035784A /* Debug */,
				1974C4BF2AD48A7E0035784A /* Release */,
			);
			defaultConfigurationIsVisible = 0;
			defaultConfigurationName = Release;
		};
		1974C4C02AD48A7E0035784A /* Build configuration list for PBXNativeTarget "snowSeekerTests" */ = {
			isa = XCConfigurationList;
			buildConfigurations = (
				1974C4C12AD48A7E0035784A /* Debug */,
				1974C4C22AD48A7E0035784A /* Release */,
			);
			defaultConfigurationIsVisible = 0;
			defaultConfigurationName = Release;
		};
		1974C4C32AD48A7E0035784A /* Build configuration list for PBXNativeTarget "snowSeekerUITests" */ = {
			isa = XCConfigurationList;
			buildConfigurations = (
				1974C4C42AD48A7E0035784A /* Debug */,
				1974C4C52AD48A7E0035784A /* Release */,
			);
			defaultConfigurationIsVisible = 0;
			defaultConfigurationName = Release;
		};
/* End XCConfigurationList section */

/* Begin XCVersionGroup section */
		1974C4A22AD48A7E0035784A /* snowSeeker.xcdatamodeld */ = {
			isa = XCVersionGroup;
			children = (
				1974C4A32AD48A7E0035784A /* snowSeeker.xcdatamodel */,
			);
			currentVersion = 1974C4A32AD48A7E0035784A /* snowSeeker.xcdatamodel */;
			path = snowSeeker.xcdatamodeld;
			sourceTree = "<group>";
			versionGroupType = wrapper.xcdatamodel;
		};
/* End XCVersionGroup section */
	};
	rootObject = 1974C48C2AD48A7D0035784A /* Project object */;
}
